// !$*UTF8*$!
{
	archiveVersion = 1;
	classes = {
	};
	objectVersion = 46;
	objects = {

/* Begin PBXBuildFile section */
		1559E37D19ED868F006F7304 /* AppDelegate.swift in Sources */ = {isa = PBXBuildFile; fileRef = 1559E37C19ED868F006F7304 /* AppDelegate.swift */; };
		1559E38019ED868F006F7304 /* HipsterPhoto.xcdatamodeld in Sources */ = {isa = PBXBuildFile; fileRef = 1559E37E19ED868F006F7304 /* HipsterPhoto.xcdatamodeld */; };
		1559E38219ED868F006F7304 /* SinglePhotoViewController.swift in Sources */ = {isa = PBXBuildFile; fileRef = 1559E38119ED868F006F7304 /* SinglePhotoViewController.swift */; };
		1559E39619ED868F006F7304 /* HipsterPhotoTests.swift in Sources */ = {isa = PBXBuildFile; fileRef = 1559E39519ED868F006F7304 /* HipsterPhotoTests.swift */; };
		1559E3A919ED8761006F7304 /* GalleryHeaderView.swift in Sources */ = {isa = PBXBuildFile; fileRef = 1559E3A819ED8761006F7304 /* GalleryHeaderView.swift */; };
		1559E3AB19ED876A006F7304 /* GalleryViewController.swift in Sources */ = {isa = PBXBuildFile; fileRef = 1559E3AA19ED876A006F7304 /* GalleryViewController.swift */; };
		1559E3AD19ED8772006F7304 /* GalleryCell.swift in Sources */ = {isa = PBXBuildFile; fileRef = 1559E3AC19ED8772006F7304 /* GalleryCell.swift */; };
		1559E3AF19ED87D8006F7304 /* Main.storyboard in Resources */ = {isa = PBXBuildFile; fileRef = 1559E3AE19ED87D8006F7304 /* Main.storyboard */; };
		1559E3B119ED87E8006F7304 /* LaunchScreen.xib in Resources */ = {isa = PBXBuildFile; fileRef = 1559E3B019ED87E8006F7304 /* LaunchScreen.xib */; };
		155F368219F02CD300718D44 /* PhotosHeaderView.swift in Sources */ = {isa = PBXBuildFile; fileRef = 155F368119F02CD300718D44 /* PhotosHeaderView.swift */; };
		155F36B519F0585600718D44 /* AVFoundationCameraViewController.swift in Sources */ = {isa = PBXBuildFile; fileRef = 155F36B419F0585600718D44 /* AVFoundationCameraViewController.swift */; };
		155F36B919F05F3100718D44 /* pickphotos.png in Resources */ = {isa = PBXBuildFile; fileRef = 155F36B819F05F3100718D44 /* pickphotos.png */; };
		155F36BB19F0659100718D44 /* closeicon.png in Resources */ = {isa = PBXBuildFile; fileRef = 155F36BA19F0659100718D44 /* closeicon.png */; };
		155F36BD19F07AFB00718D44 /* ImageSelectDelegate.swift in Sources */ = {isa = PBXBuildFile; fileRef = 155F36BC19F07AFB00718D44 /* ImageSelectDelegate.swift */; };
		1560CC0F19EEF1D700AB147A /* PhotoFrameworkViewController.swift in Sources */ = {isa = PBXBuildFile; fileRef = 1560CC0E19EEF1D700AB147A /* PhotoFrameworkViewController.swift */; };
		1560CC1119EEF26F00AB147A /* PhotoFrameworkCell.swift in Sources */ = {isa = PBXBuildFile; fileRef = 1560CC1019EEF26F00AB147A /* PhotoFrameworkCell.swift */; };
		15B750F419ED8833007B297D /* HipsterPhoto.jpg in Resources */ = {isa = PBXBuildFile; fileRef = 15B750F319ED8833007B297D /* HipsterPhoto.jpg */; };
		15B750F919ED88A2007B297D /* putabirdonit.jpg in Resources */ = {isa = PBXBuildFile; fileRef = 15B750F819ED88A2007B297D /* putabirdonit.jpg */; };
		15B750FB19ED88B2007B297D /* holga.png in Resources */ = {isa = PBXBuildFile; fileRef = 15B750FA19ED88B2007B297D /* holga.png */; };
		15B750FD19ED88C8007B297D /* camera-alt.png in Resources */ = {isa = PBXBuildFile; fileRef = 15B750FC19ED88C8007B297D /* camera-alt.png */; };
		15B750FE19ED8941007B297D /* Duke.otf in Resources */ = {isa = PBXBuildFile; fileRef = 15B750F519ED884C007B297D /* Duke.otf */; };
		15B7510019ED9181007B297D /* FilterThumbnail.swift in Sources */ = {isa = PBXBuildFile; fileRef = 15B750FF19ED9181007B297D /* FilterThumbnail.swift */; };
		15B7510219ED95A1007B297D /* FilterViewCell.swift in Sources */ = {isa = PBXBuildFile; fileRef = 15B7510119ED95A1007B297D /* FilterViewCell.swift */; };
		15B7510419EDA04A007B297D /* CoreDataSeeder.swift in Sources */ = {isa = PBXBuildFile; fileRef = 15B7510319EDA04A007B297D /* CoreDataSeeder.swift */; };
		15B7510819EDA131007B297D /* Filter.swift in Sources */ = {isa = PBXBuildFile; fileRef = 15B7510719EDA131007B297D /* Filter.swift */; };
		15EA991F19EDCA390005EFBA /* Images.xcassets in Resources */ = {isa = PBXBuildFile; fileRef = 15EA991E19EDCA390005EFBA /* Images.xcassets */; };
/* End PBXBuildFile section */

/* Begin PBXContainerItemProxy section */
		1559E39019ED868F006F7304 /* PBXContainerItemProxy */ = {
			isa = PBXContainerItemProxy;
			containerPortal = 1559E36F19ED868F006F7304 /* Project object */;
			proxyType = 1;
			remoteGlobalIDString = 1559E37619ED868F006F7304;
			remoteInfo = HipsterPhoto;
		};
/* End PBXContainerItemProxy section */

/* Begin PBXFileReference section */
		1559E37719ED868F006F7304 /* HipsterPhoto.app */ = {isa = PBXFileReference; explicitFileType = wrapper.application; includeInIndex = 0; path = HipsterPhoto.app; sourceTree = BUILT_PRODUCTS_DIR; };
		1559E37C19ED868F006F7304 /* AppDelegate.swift */ = {isa = PBXFileReference; lastKnownFileType = sourcecode.swift; path = AppDelegate.swift; sourceTree = "<group>"; };
		1559E37F19ED868F006F7304 /* HipsterPhoto.xcdatamodel */ = {isa = PBXFileReference; lastKnownFileType = wrapper.xcdatamodel; path = HipsterPhoto.xcdatamodel; sourceTree = "<group>"; };
		1559E38119ED868F006F7304 /* SinglePhotoViewController.swift */ = {isa = PBXFileReference; lastKnownFileType = sourcecode.swift; path = SinglePhotoViewController.swift; sourceTree = "<group>"; };
		1559E38F19ED868F006F7304 /* HipsterPhotoTests.xctest */ = {isa = PBXFileReference; explicitFileType = wrapper.cfbundle; includeInIndex = 0; path = HipsterPhotoTests.xctest; sourceTree = BUILT_PRODUCTS_DIR; };
		1559E39419ED868F006F7304 /* Info.plist */ = {isa = PBXFileReference; lastKnownFileType = text.plist.xml; path = Info.plist; sourceTree = "<group>"; };
		1559E39519ED868F006F7304 /* HipsterPhotoTests.swift */ = {isa = PBXFileReference; lastKnownFileType = sourcecode.swift; path = HipsterPhotoTests.swift; sourceTree = "<group>"; };
		1559E3A819ED8761006F7304 /* GalleryHeaderView.swift */ = {isa = PBXFileReference; fileEncoding = 4; lastKnownFileType = sourcecode.swift; path = GalleryHeaderView.swift; sourceTree = "<group>"; };
		1559E3AA19ED876A006F7304 /* GalleryViewController.swift */ = {isa = PBXFileReference; fileEncoding = 4; lastKnownFileType = sourcecode.swift; path = GalleryViewController.swift; sourceTree = "<group>"; };
		1559E3AC19ED8772006F7304 /* GalleryCell.swift */ = {isa = PBXFileReference; fileEncoding = 4; lastKnownFileType = sourcecode.swift; path = GalleryCell.swift; sourceTree = "<group>"; };
		1559E3AE19ED87D8006F7304 /* Main.storyboard */ = {isa = PBXFileReference; fileEncoding = 4; lastKnownFileType = file.storyboard; path = Main.storyboard; sourceTree = "<group>"; };
		1559E3B019ED87E8006F7304 /* LaunchScreen.xib */ = {isa = PBXFileReference; fileEncoding = 4; lastKnownFileType = file.xib; path = LaunchScreen.xib; sourceTree = "<group>"; };
		155F368119F02CD300718D44 /* PhotosHeaderView.swift */ = {isa = PBXFileReference; fileEncoding = 4; lastKnownFileType = sourcecode.swift; path = PhotosHeaderView.swift; sourceTree = "<group>"; };
		155F36B419F0585600718D44 /* AVFoundationCameraViewController.swift */ = {isa = PBXFileReference; fileEncoding = 4; lastKnownFileType = sourcecode.swift; path = AVFoundationCameraViewController.swift; sourceTree = "<group>"; };
		155F36B819F05F3100718D44 /* pickphotos.png */ = {isa = PBXFileReference; lastKnownFileType = image.png; path = pickphotos.png; sourceTree = "<group>"; };
		155F36BA19F0659100718D44 /* closeicon.png */ = {isa = PBXFileReference; lastKnownFileType = image.png; path = closeicon.png; sourceTree = "<group>"; };
		155F36BC19F07AFB00718D44 /* ImageSelectDelegate.swift */ = {isa = PBXFileReference; fileEncoding = 4; lastKnownFileType = sourcecode.swift; path = ImageSelectDelegate.swift; sourceTree = "<group>"; };
		1560CC0E19EEF1D700AB147A /* PhotoFrameworkViewController.swift */ = {isa = PBXFileReference; fileEncoding = 4; lastKnownFileType = sourcecode.swift; path = PhotoFrameworkViewController.swift; sourceTree = "<group>"; };
		1560CC1019EEF26F00AB147A /* PhotoFrameworkCell.swift */ = {isa = PBXFileReference; fileEncoding = 4; lastKnownFileType = sourcecode.swift; path = PhotoFrameworkCell.swift; sourceTree = "<group>"; };
		15B750F319ED8833007B297D /* HipsterPhoto.jpg */ = {isa = PBXFileReference; lastKnownFileType = image.jpeg; path = HipsterPhoto.jpg; sourceTree = "<group>"; };
		15B750F519ED884C007B297D /* Duke.otf */ = {isa = PBXFileReference; lastKnownFileType = file; path = Duke.otf; sourceTree = "<group>"; };
		15B750F619ED886E007B297D /* Info.plist */ = {isa = PBXFileReference; fileEncoding = 4; lastKnownFileType = text.plist.xml; path = Info.plist; sourceTree = "<group>"; };
		15B750F819ED88A2007B297D /* putabirdonit.jpg */ = {isa = PBXFileReference; lastKnownFileType = image.jpeg; path = putabirdonit.jpg; sourceTree = "<group>"; };
		15B750FA19ED88B2007B297D /* holga.png */ = {isa = PBXFileReference; lastKnownFileType = image.png; path = holga.png; sourceTree = "<group>"; };
		15B750FC19ED88C8007B297D /* camera-alt.png */ = {isa = PBXFileReference; lastKnownFileType = image.png; path = "camera-alt.png"; sourceTree = "<group>"; };
		15B750FF19ED9181007B297D /* FilterThumbnail.swift */ = {isa = PBXFileReference; fileEncoding = 4; lastKnownFileType = sourcecode.swift; path = FilterThumbnail.swift; sourceTree = "<group>"; };
		15B7510119ED95A1007B297D /* FilterViewCell.swift */ = {isa = PBXFileReference; fileEncoding = 4; lastKnownFileType = sourcecode.swift; path = FilterViewCell.swift; sourceTree = "<group>"; };
		15B7510319EDA04A007B297D /* CoreDataSeeder.swift */ = {isa = PBXFileReference; fileEncoding = 4; lastKnownFileType = sourcecode.swift; path = CoreDataSeeder.swift; sourceTree = "<group>"; };
		15B7510719EDA131007B297D /* Filter.swift */ = {isa = PBXFileReference; fileEncoding = 4; lastKnownFileType = sourcecode.swift; path = Filter.swift; sourceTree = "<group>"; };
		15EA991E19EDCA390005EFBA /* Images.xcassets */ = {isa = PBXFileReference; lastKnownFileType = folder.assetcatalog; path = Images.xcassets; sourceTree = "<group>"; };
/* End PBXFileReference section */

/* Begin PBXFrameworksBuildPhase section */
		1559E37419ED868F006F7304 /* Frameworks */ = {
			isa = PBXFrameworksBuildPhase;
			buildActionMask = 2147483647;
			files = (
			);
			runOnlyForDeploymentPostprocessing = 0;
		};
		1559E38C19ED868F006F7304 /* Frameworks */ = {
			isa = PBXFrameworksBuildPhase;
			buildActionMask = 2147483647;
			files = (
			);
			runOnlyForDeploymentPostprocessing = 0;
		};
/* End PBXFrameworksBuildPhase section */

/* Begin PBXGroup section */
		1559E36E19ED868F006F7304 = {
			isa = PBXGroup;
			children = (
				1559E37919ED868F006F7304 /* HipsterPhoto */,
				1559E39219ED868F006F7304 /* HipsterPhotoTests */,
				1559E37819ED868F006F7304 /* Products */,
			);
			sourceTree = "<group>";
		};
		1559E37819ED868F006F7304 /* Products */ = {
			isa = PBXGroup;
			children = (
				1559E37719ED868F006F7304 /* HipsterPhoto.app */,
				1559E38F19ED868F006F7304 /* HipsterPhotoTests.xctest */,
			);
			name = Products;
			sourceTree = "<group>";
		};
		1559E37919ED868F006F7304 /* HipsterPhoto */ = {
			isa = PBXGroup;
			children = (
				1559E39F19ED86EE006F7304 /* Controller Layer */,
				1559E3A019ED86F7006F7304 /* View Layer */,
				1559E3A119ED86FF006F7304 /* Model Layer */,
				1559E37E19ED868F006F7304 /* HipsterPhoto.xcdatamodeld */,
				1559E37A19ED868F006F7304 /* Supporting Files */,
			);
			path = HipsterPhoto;
			sourceTree = "<group>";
		};
		1559E37A19ED868F006F7304 /* Supporting Files */ = {
			isa = PBXGroup;
			children = (
				155F36BA19F0659100718D44 /* closeicon.png */,
				155F36B819F05F3100718D44 /* pickphotos.png */,
				15B750FC19ED88C8007B297D /* camera-alt.png */,
				15B750FA19ED88B2007B297D /* holga.png */,
				15B750F819ED88A2007B297D /* putabirdonit.jpg */,
				15B750F619ED886E007B297D /* Info.plist */,
				15B750F519ED884C007B297D /* Duke.otf */,
				15B750F319ED8833007B297D /* HipsterPhoto.jpg */,
			);
			name = "Supporting Files";
			sourceTree = "<group>";
		};
		1559E39219ED868F006F7304 /* HipsterPhotoTests */ = {
			isa = PBXGroup;
			children = (
				1559E39519ED868F006F7304 /* HipsterPhotoTests.swift */,
				1559E39319ED868F006F7304 /* Supporting Files */,
			);
			path = HipsterPhotoTests;
			sourceTree = "<group>";
		};
		1559E39319ED868F006F7304 /* Supporting Files */ = {
			isa = PBXGroup;
			children = (
				1559E39419ED868F006F7304 /* Info.plist */,
			);
			name = "Supporting Files";
			sourceTree = "<group>";
		};
		1559E39F19ED86EE006F7304 /* Controller Layer */ = {
			isa = PBXGroup;
			children = (
				1559E37C19ED868F006F7304 /* AppDelegate.swift */,
				155F36BC19F07AFB00718D44 /* ImageSelectDelegate.swift */,
				1559E38119ED868F006F7304 /* SinglePhotoViewController.swift */,
				1559E3AA19ED876A006F7304 /* GalleryViewController.swift */,
				1560CC0E19EEF1D700AB147A /* PhotoFrameworkViewController.swift */,
				155F36B419F0585600718D44 /* AVFoundationCameraViewController.swift */,
			);
			name = "Controller Layer";
			sourceTree = "<group>";
		};
		1559E3A019ED86F7006F7304 /* View Layer */ = {
			isa = PBXGroup;
			children = (
				1559E3AC19ED8772006F7304 /* GalleryCell.swift */,
				15EA991E19EDCA390005EFBA /* Images.xcassets */,
				15B7510119ED95A1007B297D /* FilterViewCell.swift */,
				1559E3A819ED8761006F7304 /* GalleryHeaderView.swift */,
				155F368119F02CD300718D44 /* PhotosHeaderView.swift */,
				1559E3AE19ED87D8006F7304 /* Main.storyboard */,
				1560CC1019EEF26F00AB147A /* PhotoFrameworkCell.swift */,
				1559E3B019ED87E8006F7304 /* LaunchScreen.xib */,
			);
			name = "View Layer";
			sourceTree = "<group>";
		};
		1559E3A119ED86FF006F7304 /* Model Layer */ = {
			isa = PBXGroup;
			children = (
				15B7510719EDA131007B297D /* Filter.swift */,
				15B7510319EDA04A007B297D /* CoreDataSeeder.swift */,
				15B750FF19ED9181007B297D /* FilterThumbnail.swift */,
			);
			name = "Model Layer";
			sourceTree = "<group>";
		};
/* End PBXGroup section */

/* Begin PBXNativeTarget section */
		1559E37619ED868F006F7304 /* HipsterPhoto */ = {
			isa = PBXNativeTarget;
			buildConfigurationList = 1559E39919ED868F006F7304 /* Build configuration list for PBXNativeTarget "HipsterPhoto" */;
			buildPhases = (
				1559E37319ED868F006F7304 /* Sources */,
				1559E37419ED868F006F7304 /* Frameworks */,
				1559E37519ED868F006F7304 /* Resources */,
			);
			buildRules = (
			);
			dependencies = (
			);
			name = HipsterPhoto;
			productName = HipsterPhoto;
			productReference = 1559E37719ED868F006F7304 /* HipsterPhoto.app */;
			productType = "com.apple.product-type.application";
		};
		1559E38E19ED868F006F7304 /* HipsterPhotoTests */ = {
			isa = PBXNativeTarget;
			buildConfigurationList = 1559E39C19ED868F006F7304 /* Build configuration list for PBXNativeTarget "HipsterPhotoTests" */;
			buildPhases = (
				1559E38B19ED868F006F7304 /* Sources */,
				1559E38C19ED868F006F7304 /* Frameworks */,
				1559E38D19ED868F006F7304 /* Resources */,
			);
			buildRules = (
			);
			dependencies = (
				1559E39119ED868F006F7304 /* PBXTargetDependency */,
			);
			name = HipsterPhotoTests;
			productName = HipsterPhotoTests;
			productReference = 1559E38F19ED868F006F7304 /* HipsterPhotoTests.xctest */;
			productType = "com.apple.product-type.bundle.unit-test";
		};
/* End PBXNativeTarget section */

/* Begin PBXProject section */
		1559E36F19ED868F006F7304 /* Project object */ = {
			isa = PBXProject;
			attributes = {
				LastUpgradeCheck = 0600;
				ORGANIZATIONNAME = "Will Richman";
				TargetAttributes = {
					1559E37619ED868F006F7304 = {
						CreatedOnToolsVersion = 6.0.1;
						DevelopmentTeam = 8HN2GJXMB7;
					};
					1559E38E19ED868F006F7304 = {
						CreatedOnToolsVersion = 6.0.1;
						TestTargetID = 1559E37619ED868F006F7304;
					};
				};
			};
			buildConfigurationList = 1559E37219ED868F006F7304 /* Build configuration list for PBXProject "HipsterPhoto" */;
			compatibilityVersion = "Xcode 3.2";
			developmentRegion = English;
			hasScannedForEncodings = 0;
			knownRegions = (
				en,
				Base,
			);
			mainGroup = 1559E36E19ED868F006F7304;
			productRefGroup = 1559E37819ED868F006F7304 /* Products */;
			projectDirPath = "";
			projectRoot = "";
			targets = (
				1559E37619ED868F006F7304 /* HipsterPhoto */,
				1559E38E19ED868F006F7304 /* HipsterPhotoTests */,
			);
		};
/* End PBXProject section */

/* Begin PBXResourcesBuildPhase section */
		1559E37519ED868F006F7304 /* Resources */ = {
			isa = PBXResourcesBuildPhase;
			buildActionMask = 2147483647;
			files = (
				15B750FD19ED88C8007B297D /* camera-alt.png in Resources */,
				155F36BB19F0659100718D44 /* closeicon.png in Resources */,
				15EA991F19EDCA390005EFBA /* Images.xcassets in Resources */,
				15B750F419ED8833007B297D /* HipsterPhoto.jpg in Resources */,
				15B750FE19ED8941007B297D /* Duke.otf in Resources */,
				1559E3AF19ED87D8006F7304 /* Main.storyboard in Resources */,
				1559E3B119ED87E8006F7304 /* LaunchScreen.xib in Resources */,
				15B750F919ED88A2007B297D /* putabirdonit.jpg in Resources */,
				15B750FB19ED88B2007B297D /* holga.png in Resources */,
				155F36B919F05F3100718D44 /* pickphotos.png in Resources */,
			);
			runOnlyForDeploymentPostprocessing = 0;
		};
		1559E38D19ED868F006F7304 /* Resources */ = {
			isa = PBXResourcesBuildPhase;
			buildActionMask = 2147483647;
			files = (
			);
			runOnlyForDeploymentPostprocessing = 0;
		};
/* End PBXResourcesBuildPhase section */

/* Begin PBXSourcesBuildPhase section */
		1559E37319ED868F006F7304 /* Sources */ = {
			isa = PBXSourcesBuildPhase;
			buildActionMask = 2147483647;
			files = (
				15B7510219ED95A1007B297D /* FilterViewCell.swift in Sources */,
				1559E3AD19ED8772006F7304 /* GalleryCell.swift in Sources */,
				1559E38219ED868F006F7304 /* SinglePhotoViewController.swift in Sources */,
				1559E38019ED868F006F7304 /* HipsterPhoto.xcdatamodeld in Sources */,
				1559E3AB19ED876A006F7304 /* GalleryViewController.swift in Sources */,
				1559E3A919ED8761006F7304 /* GalleryHeaderView.swift in Sources */,
				1559E37D19ED868F006F7304 /* AppDelegate.swift in Sources */,
				15B7510419EDA04A007B297D /* CoreDataSeeder.swift in Sources */,
				15B7510819EDA131007B297D /* Filter.swift in Sources */,
				155F36BD19F07AFB00718D44 /* ImageSelectDelegate.swift in Sources */,
				155F36B519F0585600718D44 /* AVFoundationCameraViewController.swift in Sources */,
				1560CC0F19EEF1D700AB147A /* PhotoFrameworkViewController.swift in Sources */,
				15B7510019ED9181007B297D /* FilterThumbnail.swift in Sources */,
				1560CC1119EEF26F00AB147A /* PhotoFrameworkCell.swift in Sources */,
				155F368219F02CD300718D44 /* PhotosHeaderView.swift in Sources */,
			);
			runOnlyForDeploymentPostprocessing = 0;
		};
		1559E38B19ED868F006F7304 /* Sources */ = {
			isa = PBXSourcesBuildPhase;
			buildActionMask = 2147483647;
			files = (
				1559E39619ED868F006F7304 /* HipsterPhotoTests.swift in Sources */,
			);
			runOnlyForDeploymentPostprocessing = 0;
		};
/* End PBXSourcesBuildPhase section */

/* Begin PBXTargetDependency section */
		1559E39119ED868F006F7304 /* PBXTargetDependency */ = {
			isa = PBXTargetDependency;
			target = 1559E37619ED868F006F7304 /* HipsterPhoto */;
			targetProxy = 1559E39019ED868F006F7304 /* PBXContainerItemProxy */;
		};
/* End PBXTargetDependency section */

/* Begin XCBuildConfiguration section */
		1559E39719ED868F006F7304 /* Debug */ = {
			isa = XCBuildConfiguration;
			buildSettings = {
				ALWAYS_SEARCH_USER_PATHS = NO;
				CLANG_CXX_LANGUAGE_STANDARD = "gnu++0x";
				CLANG_CXX_LIBRARY = "libc++";
				CLANG_ENABLE_MODULES = YES;
				CLANG_ENABLE_OBJC_ARC = YES;
				CLANG_WARN_BOOL_CONVERSION = YES;
				CLANG_WARN_CONSTANT_CONVERSION = YES;
				CLANG_WARN_DIRECT_OBJC_ISA_USAGE = YES_ERROR;
				CLANG_WARN_EMPTY_BODY = YES;
				CLANG_WARN_ENUM_CONVERSION = YES;
				CLANG_WARN_INT_CONVERSION = YES;
				CLANG_WARN_OBJC_ROOT_CLASS = YES_ERROR;
				CLANG_WARN_UNREACHABLE_CODE = YES;
				CLANG_WARN__DUPLICATE_METHOD_MATCH = YES;
				"CODE_SIGN_IDENTITY[sdk=iphoneos*]" = "iPhone Developer";
				COPY_PHASE_STRIP = NO;
				ENABLE_STRICT_OBJC_MSGSEND = YES;
				GCC_C_LANGUAGE_STANDARD = gnu99;
				GCC_DYNAMIC_NO_PIC = NO;
				GCC_OPTIMIZATION_LEVEL = 0;
				GCC_PREPROCESSOR_DEFINITIONS = (
					"DEBUG=1",
					"$(inherited)",
				);
				GCC_SYMBOLS_PRIVATE_EXTERN = NO;
				GCC_WARN_64_TO_32_BIT_CONVERSION = YES;
				GCC_WARN_ABOUT_RETURN_TYPE = YES_ERROR;
				GCC_WARN_UNDECLARED_SELECTOR = YES;
				GCC_WARN_UNINITIALIZED_AUTOS = YES_AGGRESSIVE;
				GCC_WARN_UNUSED_FUNCTION = YES;
				GCC_WARN_UNUSED_VARIABLE = YES;
				IPHONEOS_DEPLOYMENT_TARGET = 8.0;
				MTL_ENABLE_DEBUG_INFO = YES;
				ONLY_ACTIVE_ARCH = YES;
				SDKROOT = iphoneos;
				SWIFT_OPTIMIZATION_LEVEL = "-Onone";
				TARGETED_DEVICE_FAMILY = "1,2";
			};
			name = Debug;
		};
		1559E39819ED868F006F7304 /* Release */ = {
			isa = XCBuildConfiguration;
			buildSettings = {
				ALWAYS_SEARCH_USER_PATHS = NO;
				CLANG_CXX_LANGUAGE_STANDARD = "gnu++0x";
				CLANG_CXX_LIBRARY = "libc++";
				CLANG_ENABLE_MODULES = YES;
				CLANG_ENABLE_OBJC_ARC = YES;
				CLANG_WARN_BOOL_CONVERSION = YES;
				CLANG_WARN_CONSTANT_CONVERSION = YES;
				CLANG_WARN_DIRECT_OBJC_ISA_USAGE = YES_ERROR;
				CLANG_WARN_EMPTY_BODY = YES;
				CLANG_WARN_ENUM_CONVERSION = YES;
				CLANG_WARN_INT_CONVERSION = YES;
				CLANG_WARN_OBJC_ROOT_CLASS = YES_ERROR;
				CLANG_WARN_UNREACHABLE_CODE = YES;
				CLANG_WARN__DUPLICATE_METHOD_MATCH = YES;
				"CODE_SIGN_IDENTITY[sdk=iphoneos*]" = "iPhone Developer";
				COPY_PHASE_STRIP = YES;
				ENABLE_NS_ASSERTIONS = NO;
				ENABLE_STRICT_OBJC_MSGSEND = YES;
				GCC_C_LANGUAGE_STANDARD = gnu99;
				GCC_WARN_64_TO_32_BIT_CONVERSION = YES;
				GCC_WARN_ABOUT_RETURN_TYPE = YES_ERROR;
				GCC_WARN_UNDECLARED_SELECTOR = YES;
				GCC_WARN_UNINITIALIZED_AUTOS = YES_AGGRESSIVE;
				GCC_WARN_UNUSED_FUNCTION = YES;
				GCC_WARN_UNUSED_VARIABLE = YES;
				IPHONEOS_DEPLOYMENT_TARGET = 8.0;
				MTL_ENABLE_DEBUG_INFO = NO;
				SDKROOT = iphoneos;
				TARGETED_DEVICE_FAMILY = "1,2";
				VALIDATE_PRODUCT = YES;
			};
			name = Release;
		};
		1559E39A19ED868F006F7304 /* Debug */ = {
			isa = XCBuildConfiguration;
			buildSettings = {
				ASSETCATALOG_COMPILER_APPICON_NAME = AppIcon;
				INFOPLIST_FILE = HipsterPhoto/Info.plist;
				LD_RUNPATH_SEARCH_PATHS = "$(inherited) @executable_path/Frameworks";
				ONLY_ACTIVE_ARCH = YES;
				PRODUCT_NAME = "$(TARGET_NAME)";
			};
			name = Debug;
		};
		1559E39B19ED868F006F7304 /* Release */ = {
			isa = XCBuildConfiguration;
			buildSettings = {
				ASSETCATALOG_COMPILER_APPICON_NAME = AppIcon;
				INFOPLIST_FILE = HipsterPhoto/Info.plist;
				LD_RUNPATH_SEARCH_PATHS = "$(inherited) @executable_path/Frameworks";
				ONLY_ACTIVE_ARCH = NO;
				PRODUCT_NAME = "$(TARGET_NAME)";
			};
			name = Release;
		};
		1559E39D19ED868F006F7304 /* Debug */ = {
			isa = XCBuildConfiguration;
			buildSettings = {
				BUNDLE_LOADER = "$(TEST_HOST)";
				FRAMEWORK_SEARCH_PATHS = (
					"$(SDKROOT)/Developer/Library/Frameworks",
					"$(inherited)",
				);
				GCC_PREPROCESSOR_DEFINITIONS = (
					"DEBUG=1",
					"$(inherited)",
				);
				INFOPLIST_FILE = HipsterPhotoTests/Info.plist;
				LD_RUNPATH_SEARCH_PATHS = "$(inherited) @executable_path/Frameworks @loader_path/Frameworks";
				PRODUCT_NAME = "$(TARGET_NAME)";
				TEST_HOST = "$(BUILT_PRODUCTS_DIR)/HipsterPhoto.app/HipsterPhoto";
			};
			name = Debug;
		};
		1559E39E19ED868F006F7304 /* Release */ = {
			isa = XCBuildConfiguration;
			buildSettings = {
				BUNDLE_LOADER = "$(TEST_HOST)";
				FRAMEWORK_SEARCH_PATHS = (
					"$(SDKROOT)/Developer/Library/Frameworks",
					"$(inherited)",
				);
				INFOPLIST_FILE = HipsterPhotoTests/Info.plist;
				LD_RUNPATH_SEARCH_PATHS = "$(inherited) @executable_path/Frameworks @loader_path/Frameworks";
				PRODUCT_NAME = "$(TARGET_NAME)";
				TEST_HOST = "$(BUILT_PRODUCTS_DIR)/HipsterPhoto.app/HipsterPhoto";
			};
			name = Release;
		};
/* End XCBuildConfiguration section */

/* Begin XCConfigurationList section */
		1559E37219ED868F006F7304 /* Build configuration list for PBXProject "HipsterPhoto" */ = {
			isa = XCConfigurationList;
			buildConfigurations = (
				1559E39719ED868F006F7304 /* Debug */,
				1559E39819ED868F006F7304 /* Release */,
			);
			defaultConfigurationIsVisible = 0;
			defaultConfigurationName = Release;
		};
		1559E39919ED868F006F7304 /* Build configuration list for PBXNativeTarget "HipsterPhoto" */ = {
			isa = XCConfigurationList;
			buildConfigurations = (
				1559E39A19ED868F006F7304 /* Debug */,
				1559E39B19ED868F006F7304 /* Release */,
			);
			defaultConfigurationIsVisible = 0;
			defaultConfigurationName = Release;
		};
		1559E39C19ED868F006F7304 /* Build configuration list for PBXNativeTarget "HipsterPhotoTests" */ = {
			isa = XCConfigurationList;
			buildConfigurations = (
				1559E39D19ED868F006F7304 /* Debug */,
				1559E39E19ED868F006F7304 /* Release */,
			);
			defaultConfigurationIsVisible = 0;
			defaultConfigurationName = Release;
		};
/* End XCConfigurationList section */

/* Begin XCVersionGroup section */
		1559E37E19ED868F006F7304 /* HipsterPhoto.xcdatamodeld */ = {
			isa = XCVersionGroup;
			children = (
				1559E37F19ED868F006F7304 /* HipsterPhoto.xcdatamodel */,
			);
			currentVersion = 1559E37F19ED868F006F7304 /* HipsterPhoto.xcdatamodel */;
			path = HipsterPhoto.xcdatamodeld;
			sourceTree = "<group>";
			versionGroupType = wrapper.xcdatamodel;
		};
/* End XCVersionGroup section */
	};
	rootObject = 1559E36F19ED868F006F7304 /* Project object */;
}
